
Microsoft Visual Studio Solution File, Format Version 12.00
# Visual Studio Version 17
VisualStudioVersion = 17.11.35312.102
MinimumVisualStudioVersion = 10.0.40219.1
Project("{FAE04EC0-301F-11D3-BF4B-00C04F79EFBC}") = "CompanyAPI", "CompanyAPI\CompanyAPI.csproj", "{0105FC21-6223-413B-A26A-6108CF9C1EDF}"
EndProject
Global
	GlobalSection(SolutionConfigurationPlatforms) = preSolution
		Debug|Any CPU = Debug|Any CPU
		Release|Any CPU = Release|Any CPU
	EndGlobalSection
	GlobalSection(ProjectConfigurationPlatforms) = postSolution
		{0105FC21-6223-413B-A26A-6108CF9C1EDF}.Debug|Any CPU.ActiveCfg = Debug|Any CPU
		{0105FC21-6223-413B-A26A-6108CF9C1EDF}.Debug|Any CPU.Build.0 = Debug|Any CPU
		{0105FC21-6223-413B-A26A-6108CF9C1EDF}.Release|Any CPU.ActiveCfg = Release|Any CPU
		{0105FC21-6223-413B-A26A-6108CF9C1EDF}.Release|Any CPU.Build.0 = Release|Any CPU
	EndGlobalSection
	GlobalSection(SolutionProperties) = preSolution
		HideSolutionNode = FALSE
	EndGlobalSection
	GlobalSection(ExtensibilityGlobals) = postSolution
		SolutionGuid = {F56C5A6E-91E0-4125-9DA4-6DEE78A9D01A}
	EndGlobalSection
EndGlobal
